
Microsoft Visual Studio Solution File, Format Version 12.00
Project("{2150E333-8FDC-42A3-9474-1A3956D46DE8}") = "Core", "Core", "{68F9E984-1194-4696-B966-38B11375963C}"
EndProject
Project("{FAE04EC0-301F-11D3-BF4B-00C04F79EFBC}") = "SpRepo", "Core\SpRepo\SpRepo.csproj", "{58462F45-2FF5-4A5B-9870-8AE8515077D3}"
EndProject
Project("{FAE04EC0-301F-11D3-BF4B-00C04F79EFBC}") = "SpEndpoints", "Core\SpEndpoints\SpEndpoints.csproj", "{6FD9B122-4103-4013-88D0-2F4CB6532A8E}"
EndProject
Project("{2150E333-8FDC-42A3-9474-1A3956D46DE8}") = "Common", "Common", "{2666CAF8-83E3-47BF-A4C8-EE48CF125F08}"
EndProject
Project("{2150E333-8FDC-42A3-9474-1A3956D46DE8}") = "Business", "Business", "{B2F8686B-45F3-4D71-9B68-AF313EE53452}"
EndProject
Project("{2150E333-8FDC-42A3-9474-1A3956D46DE8}") = "Src", "Src", "{8173D936-C77F-4D6B-B8B5-D33626B30E9A}"
EndProject
Project("{2150E333-8FDC-42A3-9474-1A3956D46DE8}") = "Tests", "Tests", "{B1D85828-CAAE-4A2E-A6FD-C2F2BA8BE662}"
EndProject
Project("{2150E333-8FDC-42A3-9474-1A3956D46DE8}") = "Service", "Service", "{946929F6-80A0-4E0C-BF9D-5CFC03156BE1}"
EndProject
Project("{FAE04EC0-301F-11D3-BF4B-00C04F79EFBC}") = "SpTemplate.Service.First", "Src\Service\SpTemplate.Service.First\SpTemplate.Service.First.csproj", "{15FEAD80-7B86-4897-B27E-2AB8EF014EFA}"
EndProject
Project("{FAE04EC0-301F-11D3-BF4B-00C04F79EFBC}") = "SpTemplate.Business.First", "Business\SpTemplate.Business.First\SpTemplate.Business.First.csproj", "{6F1D1142-A104-44DC-9848-152D01B5B2C7}"
EndProject
Project("{FAE04EC0-301F-11D3-BF4B-00C04F79EFBC}") = "Common.Libs", "Common\Common.Libs\Common.Libs.csproj", "{71344613-3CE8-40E0-8D4C-4ABDF733E6E3}"
EndProject
Project("{FAE04EC0-301F-11D3-BF4B-00C04F79EFBC}") = "Common.Cache", "Common\Common.Cache\Common.Cache.csproj", "{14D3D7C1-3430-4125-A925-C2DE81623F61}"
EndProject
Project("{FAE04EC0-301F-11D3-BF4B-00C04F79EFBC}") = "Common.Identity", "Common\Common.Identity\Common.Identity.csproj", "{EE9E395A-58CB-4C16-BACB-77A58C7C98C4}"
EndProject
Project("{FAE04EC0-301F-11D3-BF4B-00C04F79EFBC}") = "Common.Models", "Common\Common.Models\Common.Models.csproj", "{AAFDD526-0CFF-4AD1-A3CB-BE052EFA1E77}"
EndProject
Project("{FAE04EC0-301F-11D3-BF4B-00C04F79EFBC}") = "SpMediator", "Core\SpMediator\SpMediator.csproj", "{549DC0DA-5F30-4AAD-B9E2-FF5B812F9E8E}"
EndProject
Global
	GlobalSection(SolutionConfigurationPlatforms) = preSolution
		Debug|Any CPU = Debug|Any CPU
		Release|Any CPU = Release|Any CPU
	EndGlobalSection
	GlobalSection(ProjectConfigurationPlatforms) = postSolution
		{58462F45-2FF5-4A5B-9870-8AE8515077D3}.Debug|Any CPU.ActiveCfg = Debug|Any CPU
		{58462F45-2FF5-4A5B-9870-8AE8515077D3}.Debug|Any CPU.Build.0 = Debug|Any CPU
		{58462F45-2FF5-4A5B-9870-8AE8515077D3}.Release|Any CPU.ActiveCfg = Release|Any CPU
		{58462F45-2FF5-4A5B-9870-8AE8515077D3}.Release|Any CPU.Build.0 = Release|Any CPU
		{6FD9B122-4103-4013-88D0-2F4CB6532A8E}.Debug|Any CPU.ActiveCfg = Debug|Any CPU
		{6FD9B122-4103-4013-88D0-2F4CB6532A8E}.Debug|Any CPU.Build.0 = Debug|Any CPU
		{6FD9B122-4103-4013-88D0-2F4CB6532A8E}.Release|Any CPU.ActiveCfg = Release|Any CPU
		{6FD9B122-4103-4013-88D0-2F4CB6532A8E}.Release|Any CPU.Build.0 = Release|Any CPU
		{15FEAD80-7B86-4897-B27E-2AB8EF014EFA}.Debug|Any CPU.ActiveCfg = Debug|Any CPU
		{15FEAD80-7B86-4897-B27E-2AB8EF014EFA}.Debug|Any CPU.Build.0 = Debug|Any CPU
		{15FEAD80-7B86-4897-B27E-2AB8EF014EFA}.Release|Any CPU.ActiveCfg = Release|Any CPU
		{15FEAD80-7B86-4897-B27E-2AB8EF014EFA}.Release|Any CPU.Build.0 = Release|Any CPU
		{6F1D1142-A104-44DC-9848-152D01B5B2C7}.Debug|Any CPU.ActiveCfg = Debug|Any CPU
		{6F1D1142-A104-44DC-9848-152D01B5B2C7}.Debug|Any CPU.Build.0 = Debug|Any CPU
		{6F1D1142-A104-44DC-9848-152D01B5B2C7}.Release|Any CPU.ActiveCfg = Release|Any CPU
		{6F1D1142-A104-44DC-9848-152D01B5B2C7}.Release|Any CPU.Build.0 = Release|Any CPU
		{71344613-3CE8-40E0-8D4C-4ABDF733E6E3}.Debug|Any CPU.ActiveCfg = Debug|Any CPU
		{71344613-3CE8-40E0-8D4C-4ABDF733E6E3}.Debug|Any CPU.Build.0 = Debug|Any CPU
		{71344613-3CE8-40E0-8D4C-4ABDF733E6E3}.Release|Any CPU.ActiveCfg = Release|Any CPU
		{71344613-3CE8-40E0-8D4C-4ABDF733E6E3}.Release|Any CPU.Build.0 = Release|Any CPU
		{14D3D7C1-3430-4125-A925-C2DE81623F61}.Debug|Any CPU.ActiveCfg = Debug|Any CPU
		{14D3D7C1-3430-4125-A925-C2DE81623F61}.Debug|Any CPU.Build.0 = Debug|Any CPU
		{14D3D7C1-3430-4125-A925-C2DE81623F61}.Release|Any CPU.ActiveCfg = Release|Any CPU
		{14D3D7C1-3430-4125-A925-C2DE81623F61}.Release|Any CPU.Build.0 = Release|Any CPU
		{EE9E395A-58CB-4C16-BACB-77A58C7C98C4}.Debug|Any CPU.ActiveCfg = Debug|Any CPU
		{EE9E395A-58CB-4C16-BACB-77A58C7C98C4}.Debug|Any CPU.Build.0 = Debug|Any CPU
		{EE9E395A-58CB-4C16-BACB-77A58C7C98C4}.Release|Any CPU.ActiveCfg = Release|Any CPU
		{EE9E395A-58CB-4C16-BACB-77A58C7C98C4}.Release|Any CPU.Build.0 = Release|Any CPU
		{AAFDD526-0CFF-4AD1-A3CB-BE052EFA1E77}.Debug|Any CPU.ActiveCfg = Debug|Any CPU
		{AAFDD526-0CFF-4AD1-A3CB-BE052EFA1E77}.Debug|Any CPU.Build.0 = Debug|Any CPU
		{AAFDD526-0CFF-4AD1-A3CB-BE052EFA1E77}.Release|Any CPU.ActiveCfg = Release|Any CPU
		{AAFDD526-0CFF-4AD1-A3CB-BE052EFA1E77}.Release|Any CPU.Build.0 = Release|Any CPU
		{549DC0DA-5F30-4AAD-B9E2-FF5B812F9E8E}.Debug|Any CPU.ActiveCfg = Debug|Any CPU
		{549DC0DA-5F30-4AAD-B9E2-FF5B812F9E8E}.Debug|Any CPU.Build.0 = Debug|Any CPU
		{549DC0DA-5F30-4AAD-B9E2-FF5B812F9E8E}.Release|Any CPU.ActiveCfg = Release|Any CPU
		{549DC0DA-5F30-4AAD-B9E2-FF5B812F9E8E}.Release|Any CPU.Build.0 = Release|Any CPU
	EndGlobalSection
	GlobalSection(NestedProjects) = preSolution
		{58462F45-2FF5-4A5B-9870-8AE8515077D3} = {68F9E984-1194-4696-B966-38B11375963C}
		{6FD9B122-4103-4013-88D0-2F4CB6532A8E} = {68F9E984-1194-4696-B966-38B11375963C}
		{946929F6-80A0-4E0C-BF9D-5CFC03156BE1} = {8173D936-C77F-4D6B-B8B5-D33626B30E9A}
		{15FEAD80-7B86-4897-B27E-2AB8EF014EFA} = {946929F6-80A0-4E0C-BF9D-5CFC03156BE1}
		{6F1D1142-A104-44DC-9848-152D01B5B2C7} = {B2F8686B-45F3-4D71-9B68-AF313EE53452}
		{71344613-3CE8-40E0-8D4C-4ABDF733E6E3} = {2666CAF8-83E3-47BF-A4C8-EE48CF125F08}
		{14D3D7C1-3430-4125-A925-C2DE81623F61} = {2666CAF8-83E3-47BF-A4C8-EE48CF125F08}
		{EE9E395A-58CB-4C16-BACB-77A58C7C98C4} = {2666CAF8-83E3-47BF-A4C8-EE48CF125F08}
		{AAFDD526-0CFF-4AD1-A3CB-BE052EFA1E77} = {2666CAF8-83E3-47BF-A4C8-EE48CF125F08}
		{549DC0DA-5F30-4AAD-B9E2-FF5B812F9E8E} = {68F9E984-1194-4696-B966-38B11375963C}
	EndGlobalSection
EndGlobal
